
Microsoft Visual Studio Solution File, Format Version 12.00
# Visual Studio Version 17
VisualStudioVersion = 17.11.35312.102
MinimumVisualStudioVersion = 10.0.40219.1
Project("{FAE04EC0-301F-11D3-BF4B-00C04F79EFBC}") = "AquaticPetShop", "AquaticPetShop.csproj", "{DA9013A2-83A5-437C-9483-4ADAF987EE77}"
EndProject
Global
	GlobalSection(SolutionConfigurationPlatforms) = preSolution
		Debug|Any CPU = Debug|Any CPU
		Release|Any CPU = Release|Any CPU
	EndGlobalSection
	GlobalSection(ProjectConfigurationPlatforms) = postSolution
		{DA9013A2-83A5-437C-9483-4ADAF987EE77}.Debug|Any CPU.ActiveCfg = Debug|Any CPU
		{DA9013A2-83A5-437C-9483-4ADAF987EE77}.Debug|Any CPU.Build.0 = Debug|Any CPU
		{DA9013A2-83A5-437C-9483-4ADAF987EE77}.Release|Any CPU.ActiveCfg = Release|Any CPU
		{DA9013A2-83A5-437C-9483-4ADAF987EE77}.Release|Any CPU.Build.0 = Release|Any CPU
	EndGlobalSection
	GlobalSection(SolutionProperties) = preSolution
		HideSolutionNode = FALSE
	EndGlobalSection
	GlobalSection(ExtensibilityGlobals) = postSolution
		SolutionGuid = {9784F868-A226-4FED-955B-1BE908ED21BE}
	EndGlobalSection
EndGlobal
